
Microsoft Visual Studio Solution File, Format Version 12.00
# Visual Studio Version 17
VisualStudioVersion = 17.14.36310.24 d17.14
MinimumVisualStudioVersion = 10.0.40219.1
Project("{8BC9CEB8-8B4A-11D0-8D11-00A0C91BC942}") = "ConsoleApplication8", "ConsoleApplication8\ConsoleApplication8.vcxproj", "{C2038A78-B380-4283-ADD8-97C86EE5BCEA}"
EndProject
Global
	GlobalSection(SolutionConfigurationPlatforms) = preSolution
		Debug|x64 = Debug|x64
		Debug|x86 = Debug|x86
		Release|x64 = Release|x64
		Release|x86 = Release|x86
	EndGlobalSection
	GlobalSection(ProjectConfigurationPlatforms) = postSolution
		{C2038A78-B380-4283-ADD8-97C86EE5BCEA}.Debug|x64.ActiveCfg = Debug|x64
		{C2038A78-B380-4283-ADD8-97C86EE5BCEA}.Debug|x64.Build.0 = Debug|x64
		{C2038A78-B380-4283-ADD8-97C86EE5BCEA}.Debug|x86.ActiveCfg = Debug|Win32
		{C2038A78-B380-4283-ADD8-97C86EE5BCEA}.Debug|x86.Build.0 = Debug|Win32
		{C2038A78-B380-4283-ADD8-97C86EE5BCEA}.Release|x64.ActiveCfg = Release|x64
		{C2038A78-B380-4283-ADD8-97C86EE5BCEA}.Release|x64.Build.0 = Release|x64
		{C2038A78-B380-4283-ADD8-97C86EE5BCEA}.Release|x86.ActiveCfg = Release|Win32
		{C2038A78-B380-4283-ADD8-97C86EE5BCEA}.Release|x86.Build.0 = Release|Win32
	EndGlobalSection
	GlobalSection(SolutionProperties) = preSolution
		HideSolutionNode = FALSE
	EndGlobalSection
	GlobalSection(ExtensibilityGlobals) = postSolution
		SolutionGuid = {07E2F8FB-7AE6-4BE3-A710-C8740CFC5759}
	EndGlobalSection
EndGlobal
